
Microsoft Visual Studio Solution File, Format Version 12.00
# Visual Studio Version 17
VisualStudioVersion = 17.1.32319.34
MinimumVisualStudioVersion = 10.0.40219.1
Project("{8BC9CEB8-8B4A-11D0-8D11-00A0C91BC942}") = "LinkedList", "LinkedList\LinkedList.vcxproj", "{8263670E-49C6-4B08-BC84-181CBB8087BC}"
EndProject
Project("{8BC9CEB8-8B4A-11D0-8D11-00A0C91BC942}") = "DoublyLinkedList", "DoublyLinkedList\DoublyLinkedList.vcxproj", "{88B60A52-B644-4E5B-BF75-F21C28C87EF7}"
EndProject
Project("{8BC9CEB8-8B4A-11D0-8D11-00A0C91BC942}") = "Stack", "Stack\Stack.vcxproj", "{B9866295-FC99-44D8-BFDB-CB14999E42AD}"
EndProject
Project("{8BC9CEB8-8B4A-11D0-8D11-00A0C91BC942}") = "Queue", "Queue\Queue.vcxproj", "{4182DDC5-CC28-4A80-988D-652E7FE6E7A7}"
EndProject
Project("{8BC9CEB8-8B4A-11D0-8D11-00A0C91BC942}") = "Tree", "Tree\Tree.vcxproj", "{6F16ADBF-E191-4B64-8B64-A105EA2C7480}"
EndProject
Project("{8BC9CEB8-8B4A-11D0-8D11-00A0C91BC942}") = "Heap", "Heap\Heap.vcxproj", "{C56FAFA5-6B1D-41A8-85A7-5FBA9D7416AB}"
EndProject
Global
	GlobalSection(SolutionConfigurationPlatforms) = preSolution
		Debug|x64 = Debug|x64
		Debug|x86 = Debug|x86
		Release|x64 = Release|x64
		Release|x86 = Release|x86
	EndGlobalSection
	GlobalSection(ProjectConfigurationPlatforms) = postSolution
		{8263670E-49C6-4B08-BC84-181CBB8087BC}.Debug|x64.ActiveCfg = Debug|x64
		{8263670E-49C6-4B08-BC84-181CBB8087BC}.Debug|x64.Build.0 = Debug|x64
		{8263670E-49C6-4B08-BC84-181CBB8087BC}.Debug|x86.ActiveCfg = Debug|Win32
		{8263670E-49C6-4B08-BC84-181CBB8087BC}.Debug|x86.Build.0 = Debug|Win32
		{8263670E-49C6-4B08-BC84-181CBB8087BC}.Release|x64.ActiveCfg = Release|x64
		{8263670E-49C6-4B08-BC84-181CBB8087BC}.Release|x64.Build.0 = Release|x64
		{8263670E-49C6-4B08-BC84-181CBB8087BC}.Release|x86.ActiveCfg = Release|Win32
		{8263670E-49C6-4B08-BC84-181CBB8087BC}.Release|x86.Build.0 = Release|Win32
		{88B60A52-B644-4E5B-BF75-F21C28C87EF7}.Debug|x64.ActiveCfg = Debug|x64
		{88B60A52-B644-4E5B-BF75-F21C28C87EF7}.Debug|x64.Build.0 = Debug|x64
		{88B60A52-B644-4E5B-BF75-F21C28C87EF7}.Debug|x86.ActiveCfg = Debug|Win32
		{88B60A52-B644-4E5B-BF75-F21C28C87EF7}.Debug|x86.Build.0 = Debug|Win32
		{88B60A52-B644-4E5B-BF75-F21C28C87EF7}.Release|x64.ActiveCfg = Release|x64
		{88B60A52-B644-4E5B-BF75-F21C28C87EF7}.Release|x64.Build.0 = Release|x64
		{88B60A52-B644-4E5B-BF75-F21C28C87EF7}.Release|x86.ActiveCfg = Release|Win32
		{88B60A52-B644-4E5B-BF75-F21C28C87EF7}.Release|x86.Build.0 = Release|Win32
		{B9866295-FC99-44D8-BFDB-CB14999E42AD}.Debug|x64.ActiveCfg = Debug|x64
		{B9866295-FC99-44D8-BFDB-CB14999E42AD}.Debug|x64.Build.0 = Debug|x64
		{B9866295-FC99-44D8-BFDB-CB14999E42AD}.Debug|x86.ActiveCfg = Debug|Win32
		{B9866295-FC99-44D8-BFDB-CB14999E42AD}.Debug|x86.Build.0 = Debug|Win32
		{B9866295-FC99-44D8-BFDB-CB14999E42AD}.Release|x64.ActiveCfg = Release|x64
		{B9866295-FC99-44D8-BFDB-CB14999E42AD}.Release|x64.Build.0 = Release|x64
		{B9866295-FC99-44D8-BFDB-CB14999E42AD}.Release|x86.ActiveCfg = Release|Win32
		{B9866295-FC99-44D8-BFDB-CB14999E42AD}.Release|x86.Build.0 = Release|Win32
		{4182DDC5-CC28-4A80-988D-652E7FE6E7A7}.Debug|x64.ActiveCfg = Debug|x64
		{4182DDC5-CC28-4A80-988D-652E7FE6E7A7}.Debug|x64.Build.0 = Debug|x64
		{4182DDC5-CC28-4A80-988D-652E7FE6E7A7}.Debug|x86.ActiveCfg = Debug|Win32
		{4182DDC5-CC28-4A80-988D-652E7FE6E7A7}.Debug|x86.Build.0 = Debug|Win32
		{4182DDC5-CC28-4A80-988D-652E7FE6E7A7}.Release|x64.ActiveCfg = Release|x64
		{4182DDC5-CC28-4A80-988D-652E7FE6E7A7}.Release|x64.Build.0 = Release|x64
		{4182DDC5-CC28-4A80-988D-652E7FE6E7A7}.Release|x86.ActiveCfg = Release|Win32
		{4182DDC5-CC28-4A80-988D-652E7FE6E7A7}.Release|x86.Build.0 = Release|Win32
		{6F16ADBF-E191-4B64-8B64-A105EA2C7480}.Debug|x64.ActiveCfg = Debug|x64
		{6F16ADBF-E191-4B64-8B64-A105EA2C7480}.Debug|x64.Build.0 = Debug|x64
		{6F16ADBF-E191-4B64-8B64-A105EA2C7480}.Debug|x86.ActiveCfg = Debug|Win32
		{6F16ADBF-E191-4B64-8B64-A105EA2C7480}.Debug|x86.Build.0 = Debug|Win32
		{6F16ADBF-E191-4B64-8B64-A105EA2C7480}.Release|x64.ActiveCfg = Release|x64
		{6F16ADBF-E191-4B64-8B64-A105EA2C7480}.Release|x64.Build.0 = Release|x64
		{6F16ADBF-E191-4B64-8B64-A105EA2C7480}.Release|x86.ActiveCfg = Release|Win32
		{6F16ADBF-E191-4B64-8B64-A105EA2C7480}.Release|x86.Build.0 = Release|Win32
		{C56FAFA5-6B1D-41A8-85A7-5FBA9D7416AB}.Debug|x64.ActiveCfg = Debug|x64
		{C56FAFA5-6B1D-41A8-85A7-5FBA9D7416AB}.Debug|x64.Build.0 = Debug|x64
		{C56FAFA5-6B1D-41A8-85A7-5FBA9D7416AB}.Debug|x86.ActiveCfg = Debug|Win32
		{C56FAFA5-6B1D-41A8-85A7-5FBA9D7416AB}.Debug|x86.Build.0 = Debug|Win32
		{C56FAFA5-6B1D-41A8-85A7-5FBA9D7416AB}.Release|x64.ActiveCfg = Release|x64
		{C56FAFA5-6B1D-41A8-85A7-5FBA9D7416AB}.Release|x64.Build.0 = Release|x64
		{C56FAFA5-6B1D-41A8-85A7-5FBA9D7416AB}.Release|x86.ActiveCfg = Release|Win32
		{C56FAFA5-6B1D-41A8-85A7-5FBA9D7416AB}.Release|x86.Build.0 = Release|Win32
	EndGlobalSection
	GlobalSection(SolutionProperties) = preSolution
		HideSolutionNode = FALSE
	EndGlobalSection
	GlobalSection(ExtensibilityGlobals) = postSolution
		SolutionGuid = {9C58C208-AD3E-4159-9875-FB155696112F}
	EndGlobalSection
EndGlobal
